// !$*UTF8*$!
{
	archiveVersion = 1;
	classes = {
	};
	objectVersion = 50;
	objects = {

/* Begin PBXBuildFile section */
		264935A221B6317400FA3816 /* NetworkLayer.swift in Sources */ = {isa = PBXBuildFile; fileRef = 264935A121B6317400FA3816 /* NetworkLayer.swift */; };
		264B48B02327791000D2AFC8 /* URLPathParameterEncoder.swift in Sources */ = {isa = PBXBuildFile; fileRef = 264B48AF2327791000D2AFC8 /* URLPathParameterEncoder.swift */; };
		268598B3235053E80052D4F3 /* Extensions.swift in Sources */ = {isa = PBXBuildFile; fileRef = 268598B2235053E80052D4F3 /* Extensions.swift */; };
		2692EBCB22EC47CF00192405 /* ImageCache.swift in Sources */ = {isa = PBXBuildFile; fileRef = 2692EBCA22EC47CF00192405 /* ImageCache.swift */; };
		26D6141721B6906D002024A4 /* Endpoint.swift in Sources */ = {isa = PBXBuildFile; fileRef = 26D6141621B6906D002024A4 /* Endpoint.swift */; };
		26D6141A21B6908F002024A4 /* BaseResponseCodable.swift in Sources */ = {isa = PBXBuildFile; fileRef = 26D6141921B6908F002024A4 /* BaseResponseCodable.swift */; };
		26D6141F21B690A4002024A4 /* ParameterEncoding.swift in Sources */ = {isa = PBXBuildFile; fileRef = 26D6141C21B690A3002024A4 /* ParameterEncoding.swift */; };
		26D6142021B690A4002024A4 /* URLParameterEncoder.swift in Sources */ = {isa = PBXBuildFile; fileRef = 26D6141D21B690A3002024A4 /* URLParameterEncoder.swift */; };
		26D6142121B690A4002024A4 /* JSONParameterEncoder.swift in Sources */ = {isa = PBXBuildFile; fileRef = 26D6141E21B690A3002024A4 /* JSONParameterEncoder.swift */; };
		26D6142421B690C6002024A4 /* Router.swift in Sources */ = {isa = PBXBuildFile; fileRef = 26D6142321B690C6002024A4 /* Router.swift */; };
/* End PBXBuildFile section */

/* Begin PBXContainerItemProxy section */
		268598FF23505B890052D4F3 /* PBXContainerItemProxy */ = {
			isa = PBXContainerItemProxy;
			containerPortal = 268598FA23505B890052D4F3 /* NetworkLayerTests.xcodeproj */;
			proxyType = 2;
			remoteGlobalIDString = 268598CC23505B3D0052D4F3;
			remoteInfo = NetworkLayerTests;
		};
		2685990123505B890052D4F3 /* PBXContainerItemProxy */ = {
			isa = PBXContainerItemProxy;
			containerPortal = 268598FA23505B890052D4F3 /* NetworkLayerTests.xcodeproj */;
			proxyType = 2;
			remoteGlobalIDString = 268598E223505B3F0052D4F3;
			remoteInfo = NetworkLayerTestsTests;
		};
/* End PBXContainerItemProxy section */

/* Begin PBXCopyFilesBuildPhase section */
		2649359C21B6317400FA3816 /* CopyFiles */ = {
			isa = PBXCopyFilesBuildPhase;
			buildActionMask = 2147483647;
			dstPath = "include/$(PRODUCT_NAME)";
			dstSubfolderSpec = 16;
			files = (
			);
			runOnlyForDeploymentPostprocessing = 0;
		};
/* End PBXCopyFilesBuildPhase section */

/* Begin PBXFileReference section */
		2649359E21B6317400FA3816 /* libNetworkLayer.a */ = {isa = PBXFileReference; explicitFileType = archive.ar; includeInIndex = 0; path = libNetworkLayer.a; sourceTree = BUILT_PRODUCTS_DIR; };
		264935A121B6317400FA3816 /* NetworkLayer.swift */ = {isa = PBXFileReference; lastKnownFileType = sourcecode.swift; path = NetworkLayer.swift; sourceTree = "<group>"; };
		264B48AF2327791000D2AFC8 /* URLPathParameterEncoder.swift */ = {isa = PBXFileReference; lastKnownFileType = sourcecode.swift; path = URLPathParameterEncoder.swift; sourceTree = "<group>"; };
		268598B2235053E80052D4F3 /* Extensions.swift */ = {isa = PBXFileReference; lastKnownFileType = sourcecode.swift; path = Extensions.swift; sourceTree = "<group>"; };
		268598FA23505B890052D4F3 /* NetworkLayerTests.xcodeproj */ = {isa = PBXFileReference; lastKnownFileType = "wrapper.pb-project"; name = NetworkLayerTests.xcodeproj; path = ../../NetworkLayer/NetworkLayerTests/NetworkLayerTests.xcodeproj; sourceTree = "<group>"; };
		2692EBCA22EC47CF00192405 /* ImageCache.swift */ = {isa = PBXFileReference; lastKnownFileType = sourcecode.swift; path = ImageCache.swift; sourceTree = "<group>"; };
		26D6141621B6906D002024A4 /* Endpoint.swift */ = {isa = PBXFileReference; fileEncoding = 4; lastKnownFileType = sourcecode.swift; path = Endpoint.swift; sourceTree = "<group>"; };
		26D6141921B6908F002024A4 /* BaseResponseCodable.swift */ = {isa = PBXFileReference; fileEncoding = 4; lastKnownFileType = sourcecode.swift; path = BaseResponseCodable.swift; sourceTree = "<group>"; };
		26D6141C21B690A3002024A4 /* ParameterEncoding.swift */ = {isa = PBXFileReference; fileEncoding = 4; lastKnownFileType = sourcecode.swift; path = ParameterEncoding.swift; sourceTree = "<group>"; };
		26D6141D21B690A3002024A4 /* URLParameterEncoder.swift */ = {isa = PBXFileReference; fileEncoding = 4; lastKnownFileType = sourcecode.swift; path = URLParameterEncoder.swift; sourceTree = "<group>"; };
		26D6141E21B690A3002024A4 /* JSONParameterEncoder.swift */ = {isa = PBXFileReference; fileEncoding = 4; lastKnownFileType = sourcecode.swift; path = JSONParameterEncoder.swift; sourceTree = "<group>"; };
		26D6142321B690C6002024A4 /* Router.swift */ = {isa = PBXFileReference; fileEncoding = 4; lastKnownFileType = sourcecode.swift; path = Router.swift; sourceTree = "<group>"; };
/* End PBXFileReference section */

/* Begin PBXFrameworksBuildPhase section */
		2649359B21B6317400FA3816 /* Frameworks */ = {
			isa = PBXFrameworksBuildPhase;
			buildActionMask = 2147483647;
			files = (
			);
			runOnlyForDeploymentPostprocessing = 0;
		};
/* End PBXFrameworksBuildPhase section */

/* Begin PBXGroup section */
		2649359521B6317400FA3816 = {
			isa = PBXGroup;
			children = (
				264935A021B6317400FA3816 /* NetworkLayer */,
				2649359F21B6317400FA3816 /* Products */,
				268598FA23505B890052D4F3 /* NetworkLayerTests.xcodeproj */,
			);
			sourceTree = "<group>";
		};
		2649359F21B6317400FA3816 /* Products */ = {
			isa = PBXGroup;
			children = (
				2649359E21B6317400FA3816 /* libNetworkLayer.a */,
			);
			name = Products;
			sourceTree = "<group>";
		};
		264935A021B6317400FA3816 /* NetworkLayer */ = {
			isa = PBXGroup;
			children = (
				268598B1235053CA0052D4F3 /* Extensions */,
				2692EBC922EC479200192405 /* ImageCache */,
				26D6142221B690AF002024A4 /* Router */,
				26D6141B21B69096002024A4 /* Parameters */,
				26D6141821B69074002024A4 /* Response */,
				26D6141521B6905B002024A4 /* EndPoint */,
				264935A121B6317400FA3816 /* NetworkLayer.swift */,
			);
			path = NetworkLayer;
			sourceTree = "<group>";
		};
		268598B1235053CA0052D4F3 /* Extensions */ = {
			isa = PBXGroup;
			children = (
				268598B2235053E80052D4F3 /* Extensions.swift */,
			);
			path = Extensions;
			sourceTree = "<group>";
		};
		268598FB23505B890052D4F3 /* Products */ = {
			isa = PBXGroup;
			children = (
				2685990023505B890052D4F3 /* NetworkLayerTests.app */,
				2685990223505B890052D4F3 /* NetworkLayerTestsTests.xctest */,
			);
			name = Products;
			sourceTree = "<group>";
		};
		2692EBC922EC479200192405 /* ImageCache */ = {
			isa = PBXGroup;
			children = (
				2692EBCA22EC47CF00192405 /* ImageCache.swift */,
			);
			path = ImageCache;
			sourceTree = "<group>";
		};
		26D6141521B6905B002024A4 /* EndPoint */ = {
			isa = PBXGroup;
			children = (
				26D6141621B6906D002024A4 /* Endpoint.swift */,
			);
			path = EndPoint;
			sourceTree = "<group>";
		};
		26D6141821B69074002024A4 /* Response */ = {
			isa = PBXGroup;
			children = (
				26D6141921B6908F002024A4 /* BaseResponseCodable.swift */,
			);
			path = Response;
			sourceTree = "<group>";
		};
		26D6141B21B69096002024A4 /* Parameters */ = {
			isa = PBXGroup;
			children = (
				26D6141E21B690A3002024A4 /* JSONParameterEncoder.swift */,
				26D6141C21B690A3002024A4 /* ParameterEncoding.swift */,
				26D6141D21B690A3002024A4 /* URLParameterEncoder.swift */,
				264B48AF2327791000D2AFC8 /* URLPathParameterEncoder.swift */,
			);
			path = Parameters;
			sourceTree = "<group>";
		};
		26D6142221B690AF002024A4 /* Router */ = {
			isa = PBXGroup;
			children = (
				26D6142321B690C6002024A4 /* Router.swift */,
			);
			path = Router;
			sourceTree = "<group>";
		};
/* End PBXGroup section */

/* Begin PBXNativeTarget section */
		2649359D21B6317400FA3816 /* NetworkLayer */ = {
			isa = PBXNativeTarget;
			buildConfigurationList = 264935A521B6317400FA3816 /* Build configuration list for PBXNativeTarget "NetworkLayer" */;
			buildPhases = (
				2649359A21B6317400FA3816 /* Sources */,
				2649359B21B6317400FA3816 /* Frameworks */,
				2649359C21B6317400FA3816 /* CopyFiles */,
				266D582523082C43006E75C3 /* ShellScript */,
			);
			buildRules = (
			);
			dependencies = (
			);
			name = NetworkLayer;
			productName = NetworkLayer;
			productReference = 2649359E21B6317400FA3816 /* libNetworkLayer.a */;
			productType = "com.apple.product-type.library.static";
		};
/* End PBXNativeTarget section */

/* Begin PBXProject section */
		2649359621B6317400FA3816 /* Project object */ = {
			isa = PBXProject;
			attributes = {
				LastSwiftUpdateCheck = 1100;
				LastUpgradeCheck = 1000;
				ORGANIZATIONNAME = EF;
				TargetAttributes = {
					2649359D21B6317400FA3816 = {
						CreatedOnToolsVersion = 10.0;
						LastSwiftMigration = 1100;
					};
				};
			};
			buildConfigurationList = 2649359921B6317400FA3816 /* Build configuration list for PBXProject "NetworkLayer" */;
			compatibilityVersion = "Xcode 9.3";
			developmentRegion = en;
			hasScannedForEncodings = 0;
			knownRegions = (
				en,
				Base,
			);
			mainGroup = 2649359521B6317400FA3816;
			productRefGroup = 2649359F21B6317400FA3816 /* Products */;
			projectDirPath = "";
			projectReferences = (
				{
					ProductGroup = 268598FB23505B890052D4F3 /* Products */;
					ProjectRef = 268598FA23505B890052D4F3 /* NetworkLayerTests.xcodeproj */;
				},
			);
			projectRoot = "";
			targets = (
				2649359D21B6317400FA3816 /* NetworkLayer */,
			);
		};
/* End PBXProject section */

/* Begin PBXReferenceProxy section */
		2685990023505B890052D4F3 /* NetworkLayerTests.app */ = {
			isa = PBXReferenceProxy;
			fileType = wrapper.application;
			path = NetworkLayerTests.app;
			remoteRef = 268598FF23505B890052D4F3 /* PBXContainerItemProxy */;
			sourceTree = BUILT_PRODUCTS_DIR;
		};
		2685990223505B890052D4F3 /* NetworkLayerTestsTests.xctest */ = {
			isa = PBXReferenceProxy;
			fileType = wrapper.cfbundle;
			path = NetworkLayerTestsTests.xctest;
			remoteRef = 2685990123505B890052D4F3 /* PBXContainerItemProxy */;
			sourceTree = BUILT_PRODUCTS_DIR;
		};
/* End PBXReferenceProxy section */
/* Begin PBXShellScriptBuildPhase section */
		266D582523082C43006E75C3 /* ShellScript */ = {
			isa = PBXShellScriptBuildPhase;
			buildActionMask = 2147483647;
			files = (
			);
			inputFileListPaths = (
			);
			inputPaths = (
			);
			outputFileListPaths = (
			);
			outputPaths = (
			);
			runOnlyForDeploymentPostprocessing = 0;
			shellPath = /bin/sh;
			shellScript = "if which swiftlint >/dev/null; then\n  swiftlint\nelse\n  echo \"warning: SwiftLint not installed, download from https://github.com/realm/SwiftLint\"\nfi\n";
		};
/* End PBXShellScriptBuildPhase section */
/* Begin PBXSourcesBuildPhase section */
		2649359A21B6317400FA3816 /* Sources */ = {
			isa = PBXSourcesBuildPhase;
			buildActionMask = 2147483647;
			files = (
				26D6142421B690C6002024A4 /* Router.swift in Sources */,
				26D6142121B690A4002024A4 /* JSONParameterEncoder.swift in Sources */,
				2692EBCB22EC47CF00192405 /* ImageCache.swift in Sources */,
				26D6141A21B6908F002024A4 /* BaseResponseCodable.swift in Sources */,
				264B48B02327791000D2AFC8 /* URLPathParameterEncoder.swift in Sources */,
				268598B3235053E80052D4F3 /* Extensions.swift in Sources */,
				26D6141F21B690A4002024A4 /* ParameterEncoding.swift in Sources */,
				26D6141721B6906D002024A4 /* Endpoint.swift in Sources */,
				264935A221B6317400FA3816 /* NetworkLayer.swift in Sources */,
				26D6142021B690A4002024A4 /* URLParameterEncoder.swift in Sources */,
			);
			runOnlyForDeploymentPostprocessing = 0;
		};
/* End PBXSourcesBuildPhase section */

/* Begin XCBuildConfiguration section */
		264935A321B6317400FA3816 /* Debug */ = {
			isa = XCBuildConfiguration;
			buildSettings = {
				ALWAYS_SEARCH_USER_PATHS = NO;
				CLANG_ANALYZER_NONNULL = YES;
				CLANG_ANALYZER_NUMBER_OBJECT_CONVERSION = YES_AGGRESSIVE;
				CLANG_CXX_LANGUAGE_STANDARD = "gnu++14";
				CLANG_CXX_LIBRARY = "libc++";
				CLANG_ENABLE_MODULES = YES;
				CLANG_ENABLE_OBJC_ARC = YES;
				CLANG_ENABLE_OBJC_WEAK = YES;
				CLANG_WARN_BLOCK_CAPTURE_AUTORELEASING = YES;
				CLANG_WARN_BOOL_CONVERSION = YES;
				CLANG_WARN_COMMA = YES;
				CLANG_WARN_CONSTANT_CONVERSION = YES;
				CLANG_WARN_DEPRECATED_OBJC_IMPLEMENTATIONS = YES;
				CLANG_WARN_DIRECT_OBJC_ISA_USAGE = YES_ERROR;
				CLANG_WARN_DOCUMENTATION_COMMENTS = YES;
				CLANG_WARN_EMPTY_BODY = YES;
				CLANG_WARN_ENUM_CONVERSION = YES;
				CLANG_WARN_INFINITE_RECURSION = YES;
				CLANG_WARN_INT_CONVERSION = YES;
				CLANG_WARN_NON_LITERAL_NULL_CONVERSION = YES;
				CLANG_WARN_OBJC_IMPLICIT_RETAIN_SELF = YES;
				CLANG_WARN_OBJC_LITERAL_CONVERSION = YES;
				CLANG_WARN_OBJC_ROOT_CLASS = YES_ERROR;
				CLANG_WARN_RANGE_LOOP_ANALYSIS = YES;
				CLANG_WARN_STRICT_PROTOTYPES = YES;
				CLANG_WARN_SUSPICIOUS_MOVE = YES;
				CLANG_WARN_UNGUARDED_AVAILABILITY = YES_AGGRESSIVE;
				CLANG_WARN_UNREACHABLE_CODE = YES;
				CLANG_WARN__DUPLICATE_METHOD_MATCH = YES;
				CODE_SIGN_IDENTITY = "iPhone Developer";
				COPY_PHASE_STRIP = NO;
				DEBUG_INFORMATION_FORMAT = dwarf;
				ENABLE_STRICT_OBJC_MSGSEND = YES;
				ENABLE_TESTABILITY = YES;
				GCC_C_LANGUAGE_STANDARD = gnu11;
				GCC_DYNAMIC_NO_PIC = NO;
				GCC_NO_COMMON_BLOCKS = YES;
				GCC_OPTIMIZATION_LEVEL = 0;
				GCC_PREPROCESSOR_DEFINITIONS = (
					"DEBUG=1",
					"$(inherited)",
				);
				GCC_WARN_64_TO_32_BIT_CONVERSION = YES;
				GCC_WARN_ABOUT_RETURN_TYPE = YES_ERROR;
				GCC_WARN_UNDECLARED_SELECTOR = YES;
				GCC_WARN_UNINITIALIZED_AUTOS = YES_AGGRESSIVE;
				GCC_WARN_UNUSED_FUNCTION = YES;
				GCC_WARN_UNUSED_VARIABLE = YES;
				IPHONEOS_DEPLOYMENT_TARGET = 10;
				MTL_ENABLE_DEBUG_INFO = INCLUDE_SOURCE;
				MTL_FAST_MATH = YES;
				ONLY_ACTIVE_ARCH = YES;
				SDKROOT = iphoneos;
				SWIFT_ACTIVE_COMPILATION_CONDITIONS = DEBUG;
				SWIFT_OPTIMIZATION_LEVEL = "-Onone";
			};
			name = Debug;
		};
		264935A421B6317400FA3816 /* Release */ = {
			isa = XCBuildConfiguration;
			buildSettings = {
				ALWAYS_SEARCH_USER_PATHS = NO;
				CLANG_ANALYZER_NONNULL = YES;
				CLANG_ANALYZER_NUMBER_OBJECT_CONVERSION = YES_AGGRESSIVE;
				CLANG_CXX_LANGUAGE_STANDARD = "gnu++14";
				CLANG_CXX_LIBRARY = "libc++";
				CLANG_ENABLE_MODULES = YES;
				CLANG_ENABLE_OBJC_ARC = YES;
				CLANG_ENABLE_OBJC_WEAK = YES;
				CLANG_WARN_BLOCK_CAPTURE_AUTORELEASING = YES;
				CLANG_WARN_BOOL_CONVERSION = YES;
				CLANG_WARN_COMMA = YES;
				CLANG_WARN_CONSTANT_CONVERSION = YES;
				CLANG_WARN_DEPRECATED_OBJC_IMPLEMENTATIONS = YES;
				CLANG_WARN_DIRECT_OBJC_ISA_USAGE = YES_ERROR;
				CLANG_WARN_DOCUMENTATION_COMMENTS = YES;
				CLANG_WARN_EMPTY_BODY = YES;
				CLANG_WARN_ENUM_CONVERSION = YES;
				CLANG_WARN_INFINITE_RECURSION = YES;
				CLANG_WARN_INT_CONVERSION = YES;
				CLANG_WARN_NON_LITERAL_NULL_CONVERSION = YES;
				CLANG_WARN_OBJC_IMPLICIT_RETAIN_SELF = YES;
				CLANG_WARN_OBJC_LITERAL_CONVERSION = YES;
				CLANG_WARN_OBJC_ROOT_CLASS = YES_ERROR;
				CLANG_WARN_RANGE_LOOP_ANALYSIS = YES;
				CLANG_WARN_STRICT_PROTOTYPES = YES;
				CLANG_WARN_SUSPICIOUS_MOVE = YES;
				CLANG_WARN_UNGUARDED_AVAILABILITY = YES_AGGRESSIVE;
				CLANG_WARN_UNREACHABLE_CODE = YES;
				CLANG_WARN__DUPLICATE_METHOD_MATCH = YES;
				CODE_SIGN_IDENTITY = "iPhone Developer";
				COPY_PHASE_STRIP = NO;
				DEBUG_INFORMATION_FORMAT = "dwarf-with-dsym";
				ENABLE_NS_ASSERTIONS = NO;
				ENABLE_STRICT_OBJC_MSGSEND = YES;
				GCC_C_LANGUAGE_STANDARD = gnu11;
				GCC_NO_COMMON_BLOCKS = YES;
				GCC_WARN_64_TO_32_BIT_CONVERSION = YES;
				GCC_WARN_ABOUT_RETURN_TYPE = YES_ERROR;
				GCC_WARN_UNDECLARED_SELECTOR = YES;
				GCC_WARN_UNINITIALIZED_AUTOS = YES_AGGRESSIVE;
				GCC_WARN_UNUSED_FUNCTION = YES;
				GCC_WARN_UNUSED_VARIABLE = YES;
				IPHONEOS_DEPLOYMENT_TARGET = 10;
				MTL_ENABLE_DEBUG_INFO = NO;
				MTL_FAST_MATH = YES;
				SDKROOT = iphoneos;
				SWIFT_COMPILATION_MODE = wholemodule;
				SWIFT_OPTIMIZATION_LEVEL = "-O";
				VALIDATE_PRODUCT = YES;
			};
			name = Release;
		};
		264935A621B6317400FA3816 /* Debug */ = {
			isa = XCBuildConfiguration;
			buildSettings = {
				CODE_SIGN_STYLE = Automatic;
				DEVELOPMENT_TEAM = 8WR9DN7HHX;
				OTHER_LDFLAGS = "-ObjC";
				PRODUCT_NAME = "$(TARGET_NAME)";
				SKIP_INSTALL = YES;
				SWIFT_VERSION = 5.0;
				TARGETED_DEVICE_FAMILY = "1,2";
			};
			name = Debug;
		};
		264935A721B6317400FA3816 /* Release */ = {
			isa = XCBuildConfiguration;
			buildSettings = {
				CODE_SIGN_STYLE = Automatic;
				DEVELOPMENT_TEAM = 8WR9DN7HHX;
				OTHER_LDFLAGS = "-ObjC";
				PRODUCT_NAME = "$(TARGET_NAME)";
				SKIP_INSTALL = YES;
				SWIFT_VERSION = 5.0;
				TARGETED_DEVICE_FAMILY = "1,2";
			};
			name = Release;
		};
/* End XCBuildConfiguration section */

/* Begin XCConfigurationList section */
		2649359921B6317400FA3816 /* Build configuration list for PBXProject "NetworkLayer" */ = {
			isa = XCConfigurationList;
			buildConfigurations = (
				264935A321B6317400FA3816 /* Debug */,
				264935A421B6317400FA3816 /* Release */,
			);
			defaultConfigurationIsVisible = 0;
			defaultConfigurationName = Release;
		};
		264935A521B6317400FA3816 /* Build configuration list for PBXNativeTarget "NetworkLayer" */ = {
			isa = XCConfigurationList;
			buildConfigurations = (
				264935A621B6317400FA3816 /* Debug */,
				264935A721B6317400FA3816 /* Release */,
			);
			defaultConfigurationIsVisible = 0;
			defaultConfigurationName = Release;
		};
/* End XCConfigurationList section */
	};
	rootObject = 2649359621B6317400FA3816 /* Project object */;
}
